
Microsoft Visual Studio Solution File, Format Version 12.00
# Visual Studio 14
VisualStudioVersion = 14.0.25420.1
MinimumVisualStudioVersion = 10.0.40219.1
Project("{FAE04EC0-301F-11D3-BF4B-00C04F79EFBC}") = "Program_Example1", "ConsoleApplication1\Program_Example1.csproj", "{ECEF057F-DE42-4C36-AB85-E94CAB3BFA45}"
EndProject
Project("{FAE04EC0-301F-11D3-BF4B-00C04F79EFBC}") = "FY18.06_Exercise_2", "FY18.06_Exercise_2\FY18.06_Exercise_2.csproj", "{1C1E65C2-AA99-468A-8DBF-D558E78B0289}"
EndProject
Global
	GlobalSection(SolutionConfigurationPlatforms) = preSolution
		Debug|Any CPU = Debug|Any CPU
		Release|Any CPU = Release|Any CPU
	EndGlobalSection
	GlobalSection(ProjectConfigurationPlatforms) = postSolution
		{ECEF057F-DE42-4C36-AB85-E94CAB3BFA45}.Debug|Any CPU.ActiveCfg = Debug|Any CPU
		{ECEF057F-DE42-4C36-AB85-E94CAB3BFA45}.Debug|Any CPU.Build.0 = Debug|Any CPU
		{ECEF057F-DE42-4C36-AB85-E94CAB3BFA45}.Release|Any CPU.ActiveCfg = Release|Any CPU
		{ECEF057F-DE42-4C36-AB85-E94CAB3BFA45}.Release|Any CPU.Build.0 = Release|Any CPU
		{1C1E65C2-AA99-468A-8DBF-D558E78B0289}.Debug|Any CPU.ActiveCfg = Debug|Any CPU
		{1C1E65C2-AA99-468A-8DBF-D558E78B0289}.Debug|Any CPU.Build.0 = Debug|Any CPU
		{1C1E65C2-AA99-468A-8DBF-D558E78B0289}.Release|Any CPU.ActiveCfg = Release|Any CPU
		{1C1E65C2-AA99-468A-8DBF-D558E78B0289}.Release|Any CPU.Build.0 = Release|Any CPU
	EndGlobalSection
	GlobalSection(SolutionProperties) = preSolution
		HideSolutionNode = FALSE
	EndGlobalSection
EndGlobal
